
Microsoft Visual Studio Solution File, Format Version 12.00
# Visual Studio Version 17
VisualStudioVersion = 17.14.36705.20
MinimumVisualStudioVersion = 10.0.40219.1
Project("{FAE04EC0-301F-11D3-BF4B-00C04F79EFBC}") = "OopPractice1", "OopPractice1.csproj", "{863C2328-64D1-4BFB-B9B7-013828EC05FB}"
EndProject
Project("{2150E333-8FDC-42A3-9474-1A3956D46DE8}") = "Solution Items", "Solution Items", "{8EC462FD-D22E-90A8-E5CE-7E832BA40C5D}"
EndProject
Project("{FAE04EC0-301F-11D3-BF4B-00C04F79EFBC}") = "OopPractice.Characters", "OopPractice.Characters\OopPractice.Characters.csproj", "{3730305C-206A-2B28-77D9-DE20FA77BE5C}"
EndProject
Project("{FAE04EC0-301F-11D3-BF4B-00C04F79EFBC}") = "OopPractice.Text", "OopPractice.Text\OopPractice.Text.csproj", "{56E219AA-5AB3-3909-E734-5B79BF22ADEE}"
EndProject
Project("{FAE04EC0-301F-11D3-BF4B-00C04F79EFBC}") = "OopPractice.Display", "OopPractice.Display\OopPractice.Display.csproj", "{E56F7741-F641-5D93-ACCC-05EC429E536C}"
EndProject
Project("{FAE04EC0-301F-11D3-BF4B-00C04F79EFBC}") = "OopPractice.Data", "OopPractice.Data\OopPractice.Data.csproj", "{FD3A29A6-7D6A-4B5A-9B34-1462ACEEC7B0}"
EndProject
Project("{FAE04EC0-301F-11D3-BF4B-00C04F79EFBC}") = "OopPractice.Tests", "OopPractice.Tests\OopPractice.Tests.csproj", "{47BAB170-3CF3-4C16-95A3-AD78E04A3744}"
EndProject
Project("{FAE04EC0-301F-11D3-BF4B-00C04F79EFBC}") = "OopPractice.Infra", "OopPractice.Infra\OopPractice.Infra.csproj", "{A43AC3EF-FB9F-43D4-B41D-9524AEB7DFBA}"
EndProject
Project("{FAE04EC0-301F-11D3-BF4B-00C04F79EFBC}") = "OopPractice.FileManager", "OopPractice.FileManager\OopPractice.FileManager.csproj", "{50D79F1B-2E7D-4B6E-8759-04EB6B9FF841}"
EndProject
Global
	GlobalSection(SolutionConfigurationPlatforms) = preSolution
		Debug|Any CPU = Debug|Any CPU
		Release|Any CPU = Release|Any CPU
	EndGlobalSection
	GlobalSection(ProjectConfigurationPlatforms) = postSolution
		{863C2328-64D1-4BFB-B9B7-013828EC05FB}.Debug|Any CPU.ActiveCfg = Debug|Any CPU
		{863C2328-64D1-4BFB-B9B7-013828EC05FB}.Debug|Any CPU.Build.0 = Debug|Any CPU
		{863C2328-64D1-4BFB-B9B7-013828EC05FB}.Release|Any CPU.ActiveCfg = Release|Any CPU
		{863C2328-64D1-4BFB-B9B7-013828EC05FB}.Release|Any CPU.Build.0 = Release|Any CPU
		{3730305C-206A-2B28-77D9-DE20FA77BE5C}.Debug|Any CPU.ActiveCfg = Debug|Any CPU
		{3730305C-206A-2B28-77D9-DE20FA77BE5C}.Debug|Any CPU.Build.0 = Debug|Any CPU
		{3730305C-206A-2B28-77D9-DE20FA77BE5C}.Release|Any CPU.ActiveCfg = Release|Any CPU
		{3730305C-206A-2B28-77D9-DE20FA77BE5C}.Release|Any CPU.Build.0 = Release|Any CPU
		{56E219AA-5AB3-3909-E734-5B79BF22ADEE}.Debug|Any CPU.ActiveCfg = Debug|Any CPU
		{56E219AA-5AB3-3909-E734-5B79BF22ADEE}.Debug|Any CPU.Build.0 = Debug|Any CPU
		{56E219AA-5AB3-3909-E734-5B79BF22ADEE}.Release|Any CPU.ActiveCfg = Release|Any CPU
		{56E219AA-5AB3-3909-E734-5B79BF22ADEE}.Release|Any CPU.Build.0 = Release|Any CPU
		{E56F7741-F641-5D93-ACCC-05EC429E536C}.Debug|Any CPU.ActiveCfg = Debug|Any CPU
		{E56F7741-F641-5D93-ACCC-05EC429E536C}.Debug|Any CPU.Build.0 = Debug|Any CPU
		{E56F7741-F641-5D93-ACCC-05EC429E536C}.Release|Any CPU.ActiveCfg = Release|Any CPU
		{E56F7741-F641-5D93-ACCC-05EC429E536C}.Release|Any CPU.Build.0 = Release|Any CPU
		{FD3A29A6-7D6A-4B5A-9B34-1462ACEEC7B0}.Debug|Any CPU.ActiveCfg = Debug|Any CPU
		{FD3A29A6-7D6A-4B5A-9B34-1462ACEEC7B0}.Debug|Any CPU.Build.0 = Debug|Any CPU
		{FD3A29A6-7D6A-4B5A-9B34-1462ACEEC7B0}.Release|Any CPU.ActiveCfg = Release|Any CPU
		{FD3A29A6-7D6A-4B5A-9B34-1462ACEEC7B0}.Release|Any CPU.Build.0 = Release|Any CPU
		{47BAB170-3CF3-4C16-95A3-AD78E04A3744}.Debug|Any CPU.ActiveCfg = Debug|Any CPU
		{47BAB170-3CF3-4C16-95A3-AD78E04A3744}.Debug|Any CPU.Build.0 = Debug|Any CPU
		{47BAB170-3CF3-4C16-95A3-AD78E04A3744}.Release|Any CPU.ActiveCfg = Release|Any CPU
		{47BAB170-3CF3-4C16-95A3-AD78E04A3744}.Release|Any CPU.Build.0 = Release|Any CPU
		{A43AC3EF-FB9F-43D4-B41D-9524AEB7DFBA}.Debug|Any CPU.ActiveCfg = Debug|Any CPU
		{A43AC3EF-FB9F-43D4-B41D-9524AEB7DFBA}.Debug|Any CPU.Build.0 = Debug|Any CPU
		{A43AC3EF-FB9F-43D4-B41D-9524AEB7DFBA}.Release|Any CPU.ActiveCfg = Release|Any CPU
		{A43AC3EF-FB9F-43D4-B41D-9524AEB7DFBA}.Release|Any CPU.Build.0 = Release|Any CPU
		{50D79F1B-2E7D-4B6E-8759-04EB6B9FF841}.Debug|Any CPU.ActiveCfg = Debug|Any CPU
		{50D79F1B-2E7D-4B6E-8759-04EB6B9FF841}.Debug|Any CPU.Build.0 = Debug|Any CPU
		{50D79F1B-2E7D-4B6E-8759-04EB6B9FF841}.Release|Any CPU.ActiveCfg = Release|Any CPU
		{50D79F1B-2E7D-4B6E-8759-04EB6B9FF841}.Release|Any CPU.Build.0 = Release|Any CPU
	EndGlobalSection
	GlobalSection(SolutionProperties) = preSolution
		HideSolutionNode = FALSE
	EndGlobalSection
	GlobalSection(ExtensibilityGlobals) = postSolution
		SolutionGuid = {A1631435-F014-49DE-80DC-03B847381457}
	EndGlobalSection
EndGlobal
